
Microsoft Visual Studio Solution File, Format Version 12.00
# Visual Studio Version 17
VisualStudioVersion = 17.0.31903.59
MinimumVisualStudioVersion = 10.0.40219.1
Project("{FAE04EC0-301F-11D3-BF4B-00C04F79EFBC}") = "18_Task_WPF", "18_Task_WPF\18_Task_WPF.csproj", "{6008473B-FE3E-491D-829E-4344C9B80278}"
EndProject
Global
	GlobalSection(SolutionConfigurationPlatforms) = preSolution
		Debug|Any CPU = Debug|Any CPU
		Release|Any CPU = Release|Any CPU
	EndGlobalSection
	GlobalSection(ProjectConfigurationPlatforms) = postSolution
		{6008473B-FE3E-491D-829E-4344C9B80278}.Debug|Any CPU.ActiveCfg = Debug|Any CPU
		{6008473B-FE3E-491D-829E-4344C9B80278}.Debug|Any CPU.Build.0 = Debug|Any CPU
		{6008473B-FE3E-491D-829E-4344C9B80278}.Release|Any CPU.ActiveCfg = Release|Any CPU
		{6008473B-FE3E-491D-829E-4344C9B80278}.Release|Any CPU.Build.0 = Release|Any CPU
	EndGlobalSection
	GlobalSection(SolutionProperties) = preSolution
		HideSolutionNode = FALSE
	EndGlobalSection
	GlobalSection(ExtensibilityGlobals) = postSolution
		SolutionGuid = {53427AEC-194D-4F72-9212-3313ED0775BA}
	EndGlobalSection
EndGlobal
